
Microsoft Visual Studio Solution File, Format Version 12.00
# Visual Studio 15
VisualStudioVersion = 15.0.28307.645
MinimumVisualStudioVersion = 10.0.40219.1
Project("{FAE04EC0-301F-11D3-BF4B-00C04F79EFBC}") = "TestFitnessApp.BL", "TestApp.BL\TestFitnessApp.BL.csproj", "{8C88F67D-05DB-419B-9C5E-65EBEB5A5067}"
EndProject
Project("{FAE04EC0-301F-11D3-BF4B-00C04F79EFBC}") = "TestFitnessApp.CMD", "TestApp.CMD\TestFitnessApp.CMD.csproj", "{24AA2239-A8E1-40BB-910F-525F5DD1BFBD}"
EndProject
Project("{FAE04EC0-301F-11D3-BF4B-00C04F79EFBC}") = "TestApp.BLTests", "TestApp.BLTests\TestApp.BLTests.csproj", "{C13C8EF5-866D-4210-8E62-BC91C7760BCC}"
EndProject
Global
	GlobalSection(SolutionConfigurationPlatforms) = preSolution
		Debug|Any CPU = Debug|Any CPU
		Release|Any CPU = Release|Any CPU
	EndGlobalSection
	GlobalSection(ProjectConfigurationPlatforms) = postSolution
		{8C88F67D-05DB-419B-9C5E-65EBEB5A5067}.Debug|Any CPU.ActiveCfg = Debug|Any CPU
		{8C88F67D-05DB-419B-9C5E-65EBEB5A5067}.Debug|Any CPU.Build.0 = Debug|Any CPU
		{8C88F67D-05DB-419B-9C5E-65EBEB5A5067}.Release|Any CPU.ActiveCfg = Release|Any CPU
		{8C88F67D-05DB-419B-9C5E-65EBEB5A5067}.Release|Any CPU.Build.0 = Release|Any CPU
		{24AA2239-A8E1-40BB-910F-525F5DD1BFBD}.Debug|Any CPU.ActiveCfg = Debug|Any CPU
		{24AA2239-A8E1-40BB-910F-525F5DD1BFBD}.Debug|Any CPU.Build.0 = Debug|Any CPU
		{24AA2239-A8E1-40BB-910F-525F5DD1BFBD}.Release|Any CPU.ActiveCfg = Release|Any CPU
		{24AA2239-A8E1-40BB-910F-525F5DD1BFBD}.Release|Any CPU.Build.0 = Release|Any CPU
		{C13C8EF5-866D-4210-8E62-BC91C7760BCC}.Debug|Any CPU.ActiveCfg = Debug|Any CPU
		{C13C8EF5-866D-4210-8E62-BC91C7760BCC}.Debug|Any CPU.Build.0 = Debug|Any CPU
		{C13C8EF5-866D-4210-8E62-BC91C7760BCC}.Release|Any CPU.ActiveCfg = Release|Any CPU
		{C13C8EF5-866D-4210-8E62-BC91C7760BCC}.Release|Any CPU.Build.0 = Release|Any CPU
	EndGlobalSection
	GlobalSection(SolutionProperties) = preSolution
		HideSolutionNode = FALSE
	EndGlobalSection
	GlobalSection(ExtensibilityGlobals) = postSolution
		SolutionGuid = {B8A31581-3C50-4C08-997E-6608E47D4773}
	EndGlobalSection
EndGlobal
